{
  "object": {
    "pins": [
      {
        "package": "Solar",
        "repositoryURL": "https://github.com/ceeK/Solar.git",
        "state": {
          "branch": null,
          "revision": "c2b96f2d5fb7f835b91cefac5e83101f54643901",
          "version": "3.0.1"
        }
      }
    ]
  },
  "version": 1
}
